
Microsoft Visual Studio Solution File, Format Version 12.00
# Visual Studio Version 17
VisualStudioVersion = 17.11.35327.3
MinimumVisualStudioVersion = 10.0.40219.1
Project("{2150E333-8FDC-42A3-9474-1A3956D46DE8}") = "frameMP", "frameMP", "{5E19931F-967A-4117-9452-760B9373AD12}"
	ProjectSection(SolutionItems) = preProject
		frameMP\README.txt = frameMP\README.txt
	EndProjectSection
EndProject
Project("{8BC9CEB8-8B4A-11D0-8D11-00A0C91BC942}") = "LuaLib", "frameMP\LuaLib.vcxproj", "{FAE2F980-D095-4E90-BD77-41CF4252359F}"
EndProject
Project("{8BC9CEB8-8B4A-11D0-8D11-00A0C91BC942}") = "virtualGUser", "virtualGUser.vcxproj", "{DB35B478-5FD8-42D1-9041-13630E0C7FC1}"
	ProjectSection(ProjectDependencies) = postProject
		{3E92A738-5610-4DE2-BCB1-84DD40A16202} = {3E92A738-5610-4DE2-BCB1-84DD40A16202}
		{4C621604-4B24-4529-9A7F-F6FE391BF553} = {4C621604-4B24-4529-9A7F-F6FE391BF553}
		{58F806D8-CA33-439F-8D25-8D8CD0FC67BA} = {58F806D8-CA33-439F-8D25-8D8CD0FC67BA}
		{823CA639-070E-43D4-AA17-EED7FD7A58F6} = {823CA639-070E-43D4-AA17-EED7FD7A58F6}
		{FAE2F980-D095-4E90-BD77-41CF4252359F} = {FAE2F980-D095-4E90-BD77-41CF4252359F}
	EndProjectSection
EndProject
Project("{8BC9CEB8-8B4A-11D0-8D11-00A0C91BC942}") = "LuaC", "frameMP\LuaC.vcxproj", "{58F806D8-CA33-439F-8D25-8D8CD0FC67BA}"
	ProjectSection(ProjectDependencies) = postProject
		{FAE2F980-D095-4E90-BD77-41CF4252359F} = {FAE2F980-D095-4E90-BD77-41CF4252359F}
	EndProjectSection
EndProject
Project("{8BC9CEB8-8B4A-11D0-8D11-00A0C91BC942}") = "frameMPlib", "frameMP\frameMP.vcxproj", "{823CA639-070E-43D4-AA17-EED7FD7A58F6}"
	ProjectSection(ProjectDependencies) = postProject
		{58F806D8-CA33-439F-8D25-8D8CD0FC67BA} = {58F806D8-CA33-439F-8D25-8D8CD0FC67BA}
	EndProjectSection
EndProject
Project("{8BC9CEB8-8B4A-11D0-8D11-00A0C91BC942}") = "LuaI", "frameMP\LuaI.vcxproj", "{4C621604-4B24-4529-9A7F-F6FE391BF553}"
EndProject
Project("{2150E333-8FDC-42A3-9474-1A3956D46DE8}") = "frameMPuTest", "frameMPuTest", "{127F0C7D-592B-4C40-B392-357CD1082E71}"
EndProject
Project("{8BC9CEB8-8B4A-11D0-8D11-00A0C91BC942}") = "frameMPuTest", "frameMP\frameMPuTest\frameMPuTest.vcxproj", "{3E92A738-5610-4DE2-BCB1-84DD40A16202}"
EndProject
Global
	GlobalSection(SolutionConfigurationPlatforms) = preSolution
		Debug|x64 = Debug|x64
		Debug|x86 = Debug|x86
		Deploy|x64 = Deploy|x64
		Deploy|x86 = Deploy|x86
		Release|x64 = Release|x64
		Release|x86 = Release|x86
		Trace|x64 = Trace|x64
		Trace|x86 = Trace|x86
	EndGlobalSection
	GlobalSection(ProjectConfigurationPlatforms) = postSolution
		{FAE2F980-D095-4E90-BD77-41CF4252359F}.Debug|x64.ActiveCfg = Debug|x64
		{FAE2F980-D095-4E90-BD77-41CF4252359F}.Debug|x64.Build.0 = Debug|x64
		{FAE2F980-D095-4E90-BD77-41CF4252359F}.Debug|x86.ActiveCfg = Debug|Win32
		{FAE2F980-D095-4E90-BD77-41CF4252359F}.Debug|x86.Build.0 = Debug|Win32
		{FAE2F980-D095-4E90-BD77-41CF4252359F}.Deploy|x64.ActiveCfg = Deploy|x64
		{FAE2F980-D095-4E90-BD77-41CF4252359F}.Deploy|x64.Build.0 = Deploy|x64
		{FAE2F980-D095-4E90-BD77-41CF4252359F}.Deploy|x86.ActiveCfg = Deploy|Win32
		{FAE2F980-D095-4E90-BD77-41CF4252359F}.Deploy|x86.Build.0 = Deploy|Win32
		{FAE2F980-D095-4E90-BD77-41CF4252359F}.Release|x64.ActiveCfg = Release|x64
		{FAE2F980-D095-4E90-BD77-41CF4252359F}.Release|x64.Build.0 = Release|x64
		{FAE2F980-D095-4E90-BD77-41CF4252359F}.Release|x86.ActiveCfg = Release|Win32
		{FAE2F980-D095-4E90-BD77-41CF4252359F}.Release|x86.Build.0 = Release|Win32
		{FAE2F980-D095-4E90-BD77-41CF4252359F}.Trace|x64.ActiveCfg = Trace|x64
		{FAE2F980-D095-4E90-BD77-41CF4252359F}.Trace|x64.Build.0 = Trace|x64
		{FAE2F980-D095-4E90-BD77-41CF4252359F}.Trace|x86.ActiveCfg = Trace|Win32
		{FAE2F980-D095-4E90-BD77-41CF4252359F}.Trace|x86.Build.0 = Trace|Win32
		{DB35B478-5FD8-42D1-9041-13630E0C7FC1}.Debug|x64.ActiveCfg = Debug|x64
		{DB35B478-5FD8-42D1-9041-13630E0C7FC1}.Debug|x64.Build.0 = Debug|x64
		{DB35B478-5FD8-42D1-9041-13630E0C7FC1}.Debug|x86.ActiveCfg = Debug|Win32
		{DB35B478-5FD8-42D1-9041-13630E0C7FC1}.Debug|x86.Build.0 = Debug|Win32
		{DB35B478-5FD8-42D1-9041-13630E0C7FC1}.Deploy|x64.ActiveCfg = Debug|x64
		{DB35B478-5FD8-42D1-9041-13630E0C7FC1}.Deploy|x64.Build.0 = Debug|x64
		{DB35B478-5FD8-42D1-9041-13630E0C7FC1}.Deploy|x86.ActiveCfg = Debug|Win32
		{DB35B478-5FD8-42D1-9041-13630E0C7FC1}.Deploy|x86.Build.0 = Debug|Win32
		{DB35B478-5FD8-42D1-9041-13630E0C7FC1}.Release|x64.ActiveCfg = Release|x64
		{DB35B478-5FD8-42D1-9041-13630E0C7FC1}.Release|x64.Build.0 = Release|x64
		{DB35B478-5FD8-42D1-9041-13630E0C7FC1}.Release|x86.ActiveCfg = Release|Win32
		{DB35B478-5FD8-42D1-9041-13630E0C7FC1}.Release|x86.Build.0 = Release|Win32
		{DB35B478-5FD8-42D1-9041-13630E0C7FC1}.Trace|x64.ActiveCfg = Trace|x64
		{DB35B478-5FD8-42D1-9041-13630E0C7FC1}.Trace|x64.Build.0 = Trace|x64
		{DB35B478-5FD8-42D1-9041-13630E0C7FC1}.Trace|x86.ActiveCfg = Trace|Win32
		{DB35B478-5FD8-42D1-9041-13630E0C7FC1}.Trace|x86.Build.0 = Trace|Win32
		{58F806D8-CA33-439F-8D25-8D8CD0FC67BA}.Debug|x64.ActiveCfg = Debug|x64
		{58F806D8-CA33-439F-8D25-8D8CD0FC67BA}.Debug|x64.Build.0 = Debug|x64
		{58F806D8-CA33-439F-8D25-8D8CD0FC67BA}.Debug|x86.ActiveCfg = Debug|Win32
		{58F806D8-CA33-439F-8D25-8D8CD0FC67BA}.Debug|x86.Build.0 = Debug|Win32
		{58F806D8-CA33-439F-8D25-8D8CD0FC67BA}.Deploy|x64.ActiveCfg = Debug|x64
		{58F806D8-CA33-439F-8D25-8D8CD0FC67BA}.Deploy|x64.Build.0 = Debug|x64
		{58F806D8-CA33-439F-8D25-8D8CD0FC67BA}.Deploy|x86.ActiveCfg = Debug|Win32
		{58F806D8-CA33-439F-8D25-8D8CD0FC67BA}.Deploy|x86.Build.0 = Debug|Win32
		{58F806D8-CA33-439F-8D25-8D8CD0FC67BA}.Release|x64.ActiveCfg = Release|x64
		{58F806D8-CA33-439F-8D25-8D8CD0FC67BA}.Release|x64.Build.0 = Release|x64
		{58F806D8-CA33-439F-8D25-8D8CD0FC67BA}.Release|x86.ActiveCfg = Release|Win32
		{58F806D8-CA33-439F-8D25-8D8CD0FC67BA}.Release|x86.Build.0 = Release|Win32
		{58F806D8-CA33-439F-8D25-8D8CD0FC67BA}.Trace|x64.ActiveCfg = Trace|x64
		{58F806D8-CA33-439F-8D25-8D8CD0FC67BA}.Trace|x64.Build.0 = Trace|x64
		{58F806D8-CA33-439F-8D25-8D8CD0FC67BA}.Trace|x86.ActiveCfg = Trace|Win32
		{58F806D8-CA33-439F-8D25-8D8CD0FC67BA}.Trace|x86.Build.0 = Trace|Win32
		{823CA639-070E-43D4-AA17-EED7FD7A58F6}.Debug|x64.ActiveCfg = Debug|x64
		{823CA639-070E-43D4-AA17-EED7FD7A58F6}.Debug|x64.Build.0 = Debug|x64
		{823CA639-070E-43D4-AA17-EED7FD7A58F6}.Debug|x86.ActiveCfg = Debug|Win32
		{823CA639-070E-43D4-AA17-EED7FD7A58F6}.Debug|x86.Build.0 = Debug|Win32
		{823CA639-070E-43D4-AA17-EED7FD7A58F6}.Deploy|x64.ActiveCfg = Deploy|x64
		{823CA639-070E-43D4-AA17-EED7FD7A58F6}.Deploy|x64.Build.0 = Deploy|x64
		{823CA639-070E-43D4-AA17-EED7FD7A58F6}.Deploy|x86.ActiveCfg = Deploy|Win32
		{823CA639-070E-43D4-AA17-EED7FD7A58F6}.Deploy|x86.Build.0 = Deploy|Win32
		{823CA639-070E-43D4-AA17-EED7FD7A58F6}.Release|x64.ActiveCfg = Release|x64
		{823CA639-070E-43D4-AA17-EED7FD7A58F6}.Release|x64.Build.0 = Release|x64
		{823CA639-070E-43D4-AA17-EED7FD7A58F6}.Release|x86.ActiveCfg = Release|Win32
		{823CA639-070E-43D4-AA17-EED7FD7A58F6}.Release|x86.Build.0 = Release|Win32
		{823CA639-070E-43D4-AA17-EED7FD7A58F6}.Trace|x64.ActiveCfg = Trace|x64
		{823CA639-070E-43D4-AA17-EED7FD7A58F6}.Trace|x64.Build.0 = Trace|x64
		{823CA639-070E-43D4-AA17-EED7FD7A58F6}.Trace|x86.ActiveCfg = Trace|Win32
		{823CA639-070E-43D4-AA17-EED7FD7A58F6}.Trace|x86.Build.0 = Trace|Win32
		{4C621604-4B24-4529-9A7F-F6FE391BF553}.Debug|x64.ActiveCfg = Debug|x64
		{4C621604-4B24-4529-9A7F-F6FE391BF553}.Debug|x64.Build.0 = Debug|x64
		{4C621604-4B24-4529-9A7F-F6FE391BF553}.Debug|x86.ActiveCfg = Debug|Win32
		{4C621604-4B24-4529-9A7F-F6FE391BF553}.Debug|x86.Build.0 = Debug|Win32
		{4C621604-4B24-4529-9A7F-F6FE391BF553}.Deploy|x64.ActiveCfg = Debug|x64
		{4C621604-4B24-4529-9A7F-F6FE391BF553}.Deploy|x64.Build.0 = Debug|x64
		{4C621604-4B24-4529-9A7F-F6FE391BF553}.Deploy|x86.ActiveCfg = Debug|Win32
		{4C621604-4B24-4529-9A7F-F6FE391BF553}.Deploy|x86.Build.0 = Debug|Win32
		{4C621604-4B24-4529-9A7F-F6FE391BF553}.Release|x64.ActiveCfg = Release|x64
		{4C621604-4B24-4529-9A7F-F6FE391BF553}.Release|x64.Build.0 = Release|x64
		{4C621604-4B24-4529-9A7F-F6FE391BF553}.Release|x86.ActiveCfg = Release|Win32
		{4C621604-4B24-4529-9A7F-F6FE391BF553}.Release|x86.Build.0 = Release|Win32
		{4C621604-4B24-4529-9A7F-F6FE391BF553}.Trace|x64.ActiveCfg = Trace|x64
		{4C621604-4B24-4529-9A7F-F6FE391BF553}.Trace|x64.Build.0 = Trace|x64
		{4C621604-4B24-4529-9A7F-F6FE391BF553}.Trace|x86.ActiveCfg = Trace|Win32
		{4C621604-4B24-4529-9A7F-F6FE391BF553}.Trace|x86.Build.0 = Trace|Win32
		{3E92A738-5610-4DE2-BCB1-84DD40A16202}.Debug|x64.ActiveCfg = Debug|x64
		{3E92A738-5610-4DE2-BCB1-84DD40A16202}.Debug|x64.Build.0 = Debug|x64
		{3E92A738-5610-4DE2-BCB1-84DD40A16202}.Debug|x86.ActiveCfg = Debug|Win32
		{3E92A738-5610-4DE2-BCB1-84DD40A16202}.Debug|x86.Build.0 = Debug|Win32
		{3E92A738-5610-4DE2-BCB1-84DD40A16202}.Deploy|x64.ActiveCfg = Debug|x64
		{3E92A738-5610-4DE2-BCB1-84DD40A16202}.Deploy|x64.Build.0 = Debug|x64
		{3E92A738-5610-4DE2-BCB1-84DD40A16202}.Deploy|x86.ActiveCfg = Debug|Win32
		{3E92A738-5610-4DE2-BCB1-84DD40A16202}.Deploy|x86.Build.0 = Debug|Win32
		{3E92A738-5610-4DE2-BCB1-84DD40A16202}.Release|x64.ActiveCfg = Release|x64
		{3E92A738-5610-4DE2-BCB1-84DD40A16202}.Release|x64.Build.0 = Release|x64
		{3E92A738-5610-4DE2-BCB1-84DD40A16202}.Release|x86.ActiveCfg = Release|Win32
		{3E92A738-5610-4DE2-BCB1-84DD40A16202}.Release|x86.Build.0 = Release|Win32
		{3E92A738-5610-4DE2-BCB1-84DD40A16202}.Trace|x64.ActiveCfg = Release|x64
		{3E92A738-5610-4DE2-BCB1-84DD40A16202}.Trace|x64.Build.0 = Release|x64
		{3E92A738-5610-4DE2-BCB1-84DD40A16202}.Trace|x86.ActiveCfg = Release|Win32
		{3E92A738-5610-4DE2-BCB1-84DD40A16202}.Trace|x86.Build.0 = Release|Win32
	EndGlobalSection
	GlobalSection(SolutionProperties) = preSolution
		HideSolutionNode = FALSE
	EndGlobalSection
	GlobalSection(NestedProjects) = preSolution
		{FAE2F980-D095-4E90-BD77-41CF4252359F} = {5E19931F-967A-4117-9452-760B9373AD12}
		{58F806D8-CA33-439F-8D25-8D8CD0FC67BA} = {5E19931F-967A-4117-9452-760B9373AD12}
		{823CA639-070E-43D4-AA17-EED7FD7A58F6} = {5E19931F-967A-4117-9452-760B9373AD12}
		{4C621604-4B24-4529-9A7F-F6FE391BF553} = {5E19931F-967A-4117-9452-760B9373AD12}
		{127F0C7D-592B-4C40-B392-357CD1082E71} = {5E19931F-967A-4117-9452-760B9373AD12}
		{3E92A738-5610-4DE2-BCB1-84DD40A16202} = {127F0C7D-592B-4C40-B392-357CD1082E71}
	EndGlobalSection
	GlobalSection(ExtensibilityGlobals) = postSolution
		SolutionGuid = {21F662A9-EDBE-49C4-9C1A-4145EC69C9D1}
	EndGlobalSection
EndGlobal
