<?xml version="1.0" encoding="utf-8"?>
<Project ToolsVersion="4.0" xmlns="http://schemas.microsoft.com/developer/msbuild/2003">
  <ItemGroup>
    <Filter Include="include">
      <UniqueIdentifier>{9d6beaf8-f766-4228-a9b3-507e1df54789}</UniqueIdentifier>
    </Filter>
    <Filter Include="source">
      <UniqueIdentifier>{b9c05f67-aec8-4033-a6ef-76a4b7209cd0}</UniqueIdentifier>
    </Filter>
    <Filter Include="include\Lua">
      <UniqueIdentifier>{e81b184d-f2a7-4240-baf1-421db69617c1}</UniqueIdentifier>
    </Filter>
  </ItemGroup>
  <ItemGroup>
    <None Include="include\Lua\luaObj.inl">
      <Filter>include\Lua</Filter>
    </None>
  </ItemGroup>
  <ItemGroup>
    <ClCompile Include="source\error.cxx">
      <Filter>source</Filter>
    </ClCompile>
    <ClCompile Include="source\file.cxx">
      <Filter>source</Filter>
    </ClCompile>
    <ClCompile Include="source\luaObj.cxx">
      <Filter>source</Filter>
    </ClCompile>
    <ClCompile Include="source\luaRuntime.cxx">
      <Filter>source</Filter>
    </ClCompile>
    <ClCompile Include="source\msgHandling.cxx">
      <Filter>source</Filter>
    </ClCompile>
    <ClCompile Include="source\prc.cxx">
      <Filter>source</Filter>
    </ClCompile>
    <ClCompile Include="source\str.cxx">
      <Filter>source</Filter>
    </ClCompile>
    <ClCompile Include="source\wnd.cxx">
      <Filter>source</Filter>
    </ClCompile>
    <ClCompile Include="source\app.cxx">
      <Filter>source</Filter>
    </ClCompile>
    <ClCompile Include="source\luaRtObj.cxx">
      <Filter>source</Filter>
    </ClCompile>
    <ClCompile Include="source\mathTools.cxx">
      <Filter>source</Filter>
    </ClCompile>
  </ItemGroup>
  <ItemGroup>
    <ClInclude Include="include\app.hxx">
      <Filter>include</Filter>
    </ClInclude>
    <ClInclude Include="include\error.hxx">
      <Filter>include</Filter>
    </ClInclude>
    <ClInclude Include="include\file.hxx">
      <Filter>include</Filter>
    </ClInclude>
    <ClInclude Include="include\mathTools.hxx">
      <Filter>include</Filter>
    </ClInclude>
    <ClInclude Include="include\mp.hxx">
      <Filter>include</Filter>
    </ClInclude>
    <ClInclude Include="include\msgHandling.hxx">
      <Filter>include</Filter>
    </ClInclude>
    <ClInclude Include="include\prc.hxx">
      <Filter>include</Filter>
    </ClInclude>
    <ClInclude Include="include\str.hxx">
      <Filter>include</Filter>
    </ClInclude>
    <ClInclude Include="include\tools.hxx">
      <Filter>include</Filter>
    </ClInclude>
    <ClInclude Include="include\trace.hxx">
      <Filter>include</Filter>
    </ClInclude>
    <ClInclude Include="include\Lua\lua.hxx">
      <Filter>include\Lua</Filter>
    </ClInclude>
    <ClInclude Include="include\Lua\luaObj.hxx">
      <Filter>include\Lua</Filter>
    </ClInclude>
    <ClInclude Include="include\Lua\luaRtObj.hxx">
      <Filter>include\Lua</Filter>
    </ClInclude>
    <ClInclude Include="include\Lua\luaRuntime.hxx">
      <Filter>include\Lua</Filter>
    </ClInclude>
  </ItemGroup>
</Project>